
Microsoft Visual Studio Solution File, Format Version 12.00
# Visual Studio Version 16
VisualStudioVersion = 16.0.30404.54
MinimumVisualStudioVersion = 10.0.40219.1
Project("{9A19103F-16F7-4668-BE54-9A1E7A4F7556}") = "Vertex.Abstractions", "src\Vertex.Abstractions\Vertex.Abstractions.csproj", "{5E60A3C1-BBA4-48B9-82F5-B11A8EC13EBA}"
EndProject
Project("{9A19103F-16F7-4668-BE54-9A1E7A4F7556}") = "Vertex.Runtime", "src\Vertex.Runtime\Vertex.Runtime.csproj", "{11870964-9AA3-43FD-8A04-C16642AAD4EA}"
EndProject
Project("{9A19103F-16F7-4668-BE54-9A1E7A4F7556}") = "Vertex.Transaction.Abstractions", "src\Vertex.Transaction.Abstractions\Vertex.Transaction.Abstractions.csproj", "{F9F7A5E4-EB07-4AF8-A1ED-26CFFE34733E}"
EndProject
Project("{9A19103F-16F7-4668-BE54-9A1E7A4F7556}") = "Vertex.Transaction", "src\Vertex.Transaction\Vertex.Transaction.csproj", "{78E833BE-9C73-47A1-A8BA-4E05732B3E0D}"
EndProject
Project("{2150E333-8FDC-42A3-9474-1A3956D46DE8}") = "Storage", "Storage", "{D784E029-E46D-4ED7-8F75-971178ED632A}"
EndProject
Project("{9A19103F-16F7-4668-BE54-9A1E7A4F7556}") = "Vertex.Storage.Linq2db", "src\Storage\Vertex.Storage.Linq2db\Vertex.Storage.Linq2db.csproj", "{E390314E-38FC-4AA9-9CA2-8DBA4084ACFB}"
EndProject
Project("{9A19103F-16F7-4668-BE54-9A1E7A4F7556}") = "Vertex.Utils", "src\Vertex.Utils\Vertex.Utils.csproj", "{CFEA7A64-BD73-4D8F-A341-675A6D6996A6}"
EndProject
Project("{2150E333-8FDC-42A3-9474-1A3956D46DE8}") = "Stream", "Stream", "{795D1CA4-7079-4FAB-95DE-4B6E65AEF288}"
EndProject
Project("{9A19103F-16F7-4668-BE54-9A1E7A4F7556}") = "Vertex.Stream.RabbitMQ", "src\Stream\Vertex.Stream.RabbitMQ\Vertex.Stream.RabbitMQ.csproj", "{1301A828-9EF0-446B-B342-65DE9969D0EA}"
EndProject
Project("{9A19103F-16F7-4668-BE54-9A1E7A4F7556}") = "Vertex.Protocol", "src\Vertex.Protocol\Vertex.Protocol.csproj", "{DFF65285-91DB-4030-94B1-2C8D6FB4F570}"
EndProject
Project("{9A19103F-16F7-4668-BE54-9A1E7A4F7556}") = "Vertex.Stream.Common", "src\Stream\Vertex.Stream.Common\Vertex.Stream.Common.csproj", "{C9C795CD-3F11-4B6E-9614-E61F7342AE49}"
EndProject
Project("{2150E333-8FDC-42A3-9474-1A3956D46DE8}") = "Examples", "Examples", "{55D27B7A-9ECC-4D1A-BFED-9967218236A9}"
EndProject
Project("{9A19103F-16F7-4668-BE54-9A1E7A4F7556}") = "Transfer.IGrains", "examples\Transfer.IGrains\Transfer.IGrains.csproj", "{7FACD6A9-5564-4B4A-98D7-FC0F7585BF0C}"
EndProject
Project("{9A19103F-16F7-4668-BE54-9A1E7A4F7556}") = "Transfer.Grains", "examples\Transfer.Grains\Transfer.Grains.csproj", "{165F0FD3-58C2-484C-BED2-C606C2A4464C}"
EndProject
Project("{9A19103F-16F7-4668-BE54-9A1E7A4F7556}") = "Transfer.Server", "examples\Transfer.Server\Transfer.Server.csproj", "{EEE8D733-1B4B-4F51-89EC-D1BCF8E26318}"
EndProject
Project("{9A19103F-16F7-4668-BE54-9A1E7A4F7556}") = "Transfer.Client", "examples\Transfer.Client\Transfer.Client.csproj", "{8D4F79B7-1483-4C4B-85D9-4CBB25094092}"
EndProject
Project("{9A19103F-16F7-4668-BE54-9A1E7A4F7556}") = "Vertex.Stream.Kafka", "src\Stream\Vertex.Stream.Kafka\Vertex.Stream.Kafka.csproj", "{AF9F57ED-CBBC-475E-97F7-EDE41A35B697}"
EndProject
Project("{9A19103F-16F7-4668-BE54-9A1E7A4F7556}") = "Vertex.Stream.InMemory", "src\Stream\Vertex.Stream.InMemory\Vertex.Stream.InMemory.csproj", "{8B7BA45F-75DF-47C1-8ACF-21E041B2877E}"
EndProject
Project("{2150E333-8FDC-42A3-9474-1A3956D46DE8}") = "Test", "Test", "{24EA6106-D393-40F0-8F27-DA1DF801C6EA}"
EndProject
Project("{2150E333-8FDC-42A3-9474-1A3956D46DE8}") = "Src", "Src", "{A60E3CF2-101F-4E07-860C-56568287A3AA}"
EndProject
Project("{9A19103F-16F7-4668-BE54-9A1E7A4F7556}") = "Vertex.Utils.Test", "test\Vertex.Utils.Test\Vertex.Utils.Test.csproj", "{4EFD5A1A-88BE-49CC-91F9-04142C25CEF5}"
EndProject
Project("{2150E333-8FDC-42A3-9474-1A3956D46DE8}") = "Benchmark", "Benchmark", "{30A7362B-9119-4F8B-8B51-567D92BDDA76}"
EndProject
Project("{9A19103F-16F7-4668-BE54-9A1E7A4F7556}") = "Vertex.Utils.Benchmark", "benchmark\Vertex.Utils.Benchmark\Vertex.Utils.Benchmark.csproj", "{B106D10A-585D-4DAF-9E38-2B7467E2EA0E}"
EndProject
Project("{9A19103F-16F7-4668-BE54-9A1E7A4F7556}") = "Vertex.Protocol.Test", "test\Vertex.Protocol.Test\Vertex.Protocol.Test.csproj", "{5C022F84-14B4-4957-96C5-5401A47EF9FB}"
EndProject
Project("{9A19103F-16F7-4668-BE54-9A1E7A4F7556}") = "Vertex.Runtime.Test", "test\Vertex.Runtime.Test\Vertex.Runtime.Test.csproj", "{ED8B557F-8EB8-4814-9B24-67C8E124A152}"
EndProject
Project("{9A19103F-16F7-4668-BE54-9A1E7A4F7556}") = "Vertex.TxRuntime.Test", "test\Vertex.TxRuntime.Test\Vertex.TxRuntime.Test.csproj", "{8E04280E-4031-41A2-A1A0-7DDEBC4AC33C}"
EndProject
Project("{2150E333-8FDC-42A3-9474-1A3956D46DE8}") = "Solution Items", "Solution Items", "{69B221ED-2A00-494F-AC36-C08025BBD2E6}"
	ProjectSection(SolutionItems) = preProject
		.editorconfig = .editorconfig
		Packages.props = Packages.props
	EndProjectSection
EndProject
Global
	GlobalSection(SolutionConfigurationPlatforms) = preSolution
		Debug|Any CPU = Debug|Any CPU
		Release|Any CPU = Release|Any CPU
	EndGlobalSection
	GlobalSection(ProjectConfigurationPlatforms) = postSolution
		{5E60A3C1-BBA4-48B9-82F5-B11A8EC13EBA}.Debug|Any CPU.ActiveCfg = Debug|Any CPU
		{5E60A3C1-BBA4-48B9-82F5-B11A8EC13EBA}.Debug|Any CPU.Build.0 = Debug|Any CPU
		{5E60A3C1-BBA4-48B9-82F5-B11A8EC13EBA}.Release|Any CPU.ActiveCfg = Release|Any CPU
		{5E60A3C1-BBA4-48B9-82F5-B11A8EC13EBA}.Release|Any CPU.Build.0 = Release|Any CPU
		{11870964-9AA3-43FD-8A04-C16642AAD4EA}.Debug|Any CPU.ActiveCfg = Debug|Any CPU
		{11870964-9AA3-43FD-8A04-C16642AAD4EA}.Debug|Any CPU.Build.0 = Debug|Any CPU
		{11870964-9AA3-43FD-8A04-C16642AAD4EA}.Release|Any CPU.ActiveCfg = Release|Any CPU
		{11870964-9AA3-43FD-8A04-C16642AAD4EA}.Release|Any CPU.Build.0 = Release|Any CPU
		{F9F7A5E4-EB07-4AF8-A1ED-26CFFE34733E}.Debug|Any CPU.ActiveCfg = Debug|Any CPU
		{F9F7A5E4-EB07-4AF8-A1ED-26CFFE34733E}.Debug|Any CPU.Build.0 = Debug|Any CPU
		{F9F7A5E4-EB07-4AF8-A1ED-26CFFE34733E}.Release|Any CPU.ActiveCfg = Release|Any CPU
		{F9F7A5E4-EB07-4AF8-A1ED-26CFFE34733E}.Release|Any CPU.Build.0 = Release|Any CPU
		{78E833BE-9C73-47A1-A8BA-4E05732B3E0D}.Debug|Any CPU.ActiveCfg = Debug|Any CPU
		{78E833BE-9C73-47A1-A8BA-4E05732B3E0D}.Debug|Any CPU.Build.0 = Debug|Any CPU
		{78E833BE-9C73-47A1-A8BA-4E05732B3E0D}.Release|Any CPU.ActiveCfg = Release|Any CPU
		{78E833BE-9C73-47A1-A8BA-4E05732B3E0D}.Release|Any CPU.Build.0 = Release|Any CPU
		{E390314E-38FC-4AA9-9CA2-8DBA4084ACFB}.Debug|Any CPU.ActiveCfg = Debug|Any CPU
		{E390314E-38FC-4AA9-9CA2-8DBA4084ACFB}.Debug|Any CPU.Build.0 = Debug|Any CPU
		{E390314E-38FC-4AA9-9CA2-8DBA4084ACFB}.Release|Any CPU.ActiveCfg = Release|Any CPU
		{E390314E-38FC-4AA9-9CA2-8DBA4084ACFB}.Release|Any CPU.Build.0 = Release|Any CPU
		{CFEA7A64-BD73-4D8F-A341-675A6D6996A6}.Debug|Any CPU.ActiveCfg = Debug|Any CPU
		{CFEA7A64-BD73-4D8F-A341-675A6D6996A6}.Debug|Any CPU.Build.0 = Debug|Any CPU
		{CFEA7A64-BD73-4D8F-A341-675A6D6996A6}.Release|Any CPU.ActiveCfg = Release|Any CPU
		{CFEA7A64-BD73-4D8F-A341-675A6D6996A6}.Release|Any CPU.Build.0 = Release|Any CPU
		{1301A828-9EF0-446B-B342-65DE9969D0EA}.Debug|Any CPU.ActiveCfg = Debug|Any CPU
		{1301A828-9EF0-446B-B342-65DE9969D0EA}.Debug|Any CPU.Build.0 = Debug|Any CPU
		{1301A828-9EF0-446B-B342-65DE9969D0EA}.Release|Any CPU.ActiveCfg = Release|Any CPU
		{1301A828-9EF0-446B-B342-65DE9969D0EA}.Release|Any CPU.Build.0 = Release|Any CPU
		{DFF65285-91DB-4030-94B1-2C8D6FB4F570}.Debug|Any CPU.ActiveCfg = Debug|Any CPU
		{DFF65285-91DB-4030-94B1-2C8D6FB4F570}.Debug|Any CPU.Build.0 = Debug|Any CPU
		{DFF65285-91DB-4030-94B1-2C8D6FB4F570}.Release|Any CPU.ActiveCfg = Release|Any CPU
		{DFF65285-91DB-4030-94B1-2C8D6FB4F570}.Release|Any CPU.Build.0 = Release|Any CPU
		{C9C795CD-3F11-4B6E-9614-E61F7342AE49}.Debug|Any CPU.ActiveCfg = Debug|Any CPU
		{C9C795CD-3F11-4B6E-9614-E61F7342AE49}.Debug|Any CPU.Build.0 = Debug|Any CPU
		{C9C795CD-3F11-4B6E-9614-E61F7342AE49}.Release|Any CPU.ActiveCfg = Release|Any CPU
		{C9C795CD-3F11-4B6E-9614-E61F7342AE49}.Release|Any CPU.Build.0 = Release|Any CPU
		{7FACD6A9-5564-4B4A-98D7-FC0F7585BF0C}.Debug|Any CPU.ActiveCfg = Debug|Any CPU
		{7FACD6A9-5564-4B4A-98D7-FC0F7585BF0C}.Debug|Any CPU.Build.0 = Debug|Any CPU
		{7FACD6A9-5564-4B4A-98D7-FC0F7585BF0C}.Release|Any CPU.ActiveCfg = Release|Any CPU
		{7FACD6A9-5564-4B4A-98D7-FC0F7585BF0C}.Release|Any CPU.Build.0 = Release|Any CPU
		{165F0FD3-58C2-484C-BED2-C606C2A4464C}.Debug|Any CPU.ActiveCfg = Debug|Any CPU
		{165F0FD3-58C2-484C-BED2-C606C2A4464C}.Debug|Any CPU.Build.0 = Debug|Any CPU
		{165F0FD3-58C2-484C-BED2-C606C2A4464C}.Release|Any CPU.ActiveCfg = Release|Any CPU
		{165F0FD3-58C2-484C-BED2-C606C2A4464C}.Release|Any CPU.Build.0 = Release|Any CPU
		{EEE8D733-1B4B-4F51-89EC-D1BCF8E26318}.Debug|Any CPU.ActiveCfg = Debug|Any CPU
		{EEE8D733-1B4B-4F51-89EC-D1BCF8E26318}.Debug|Any CPU.Build.0 = Debug|Any CPU
		{EEE8D733-1B4B-4F51-89EC-D1BCF8E26318}.Release|Any CPU.ActiveCfg = Release|Any CPU
		{EEE8D733-1B4B-4F51-89EC-D1BCF8E26318}.Release|Any CPU.Build.0 = Release|Any CPU
		{8D4F79B7-1483-4C4B-85D9-4CBB25094092}.Debug|Any CPU.ActiveCfg = Debug|Any CPU
		{8D4F79B7-1483-4C4B-85D9-4CBB25094092}.Debug|Any CPU.Build.0 = Debug|Any CPU
		{8D4F79B7-1483-4C4B-85D9-4CBB25094092}.Release|Any CPU.ActiveCfg = Release|Any CPU
		{8D4F79B7-1483-4C4B-85D9-4CBB25094092}.Release|Any CPU.Build.0 = Release|Any CPU
		{AF9F57ED-CBBC-475E-97F7-EDE41A35B697}.Debug|Any CPU.ActiveCfg = Debug|Any CPU
		{AF9F57ED-CBBC-475E-97F7-EDE41A35B697}.Debug|Any CPU.Build.0 = Debug|Any CPU
		{AF9F57ED-CBBC-475E-97F7-EDE41A35B697}.Release|Any CPU.ActiveCfg = Release|Any CPU
		{AF9F57ED-CBBC-475E-97F7-EDE41A35B697}.Release|Any CPU.Build.0 = Release|Any CPU
		{8B7BA45F-75DF-47C1-8ACF-21E041B2877E}.Debug|Any CPU.ActiveCfg = Debug|Any CPU
		{8B7BA45F-75DF-47C1-8ACF-21E041B2877E}.Debug|Any CPU.Build.0 = Debug|Any CPU
		{8B7BA45F-75DF-47C1-8ACF-21E041B2877E}.Release|Any CPU.ActiveCfg = Release|Any CPU
		{8B7BA45F-75DF-47C1-8ACF-21E041B2877E}.Release|Any CPU.Build.0 = Release|Any CPU
		{4EFD5A1A-88BE-49CC-91F9-04142C25CEF5}.Debug|Any CPU.ActiveCfg = Debug|Any CPU
		{4EFD5A1A-88BE-49CC-91F9-04142C25CEF5}.Debug|Any CPU.Build.0 = Debug|Any CPU
		{4EFD5A1A-88BE-49CC-91F9-04142C25CEF5}.Release|Any CPU.ActiveCfg = Release|Any CPU
		{4EFD5A1A-88BE-49CC-91F9-04142C25CEF5}.Release|Any CPU.Build.0 = Release|Any CPU
		{B106D10A-585D-4DAF-9E38-2B7467E2EA0E}.Debug|Any CPU.ActiveCfg = Debug|Any CPU
		{B106D10A-585D-4DAF-9E38-2B7467E2EA0E}.Debug|Any CPU.Build.0 = Debug|Any CPU
		{B106D10A-585D-4DAF-9E38-2B7467E2EA0E}.Release|Any CPU.ActiveCfg = Release|Any CPU
		{B106D10A-585D-4DAF-9E38-2B7467E2EA0E}.Release|Any CPU.Build.0 = Release|Any CPU
		{5C022F84-14B4-4957-96C5-5401A47EF9FB}.Debug|Any CPU.ActiveCfg = Debug|Any CPU
		{5C022F84-14B4-4957-96C5-5401A47EF9FB}.Debug|Any CPU.Build.0 = Debug|Any CPU
		{5C022F84-14B4-4957-96C5-5401A47EF9FB}.Release|Any CPU.ActiveCfg = Release|Any CPU
		{5C022F84-14B4-4957-96C5-5401A47EF9FB}.Release|Any CPU.Build.0 = Release|Any CPU
		{ED8B557F-8EB8-4814-9B24-67C8E124A152}.Debug|Any CPU.ActiveCfg = Debug|Any CPU
		{ED8B557F-8EB8-4814-9B24-67C8E124A152}.Debug|Any CPU.Build.0 = Debug|Any CPU
		{ED8B557F-8EB8-4814-9B24-67C8E124A152}.Release|Any CPU.ActiveCfg = Release|Any CPU
		{ED8B557F-8EB8-4814-9B24-67C8E124A152}.Release|Any CPU.Build.0 = Release|Any CPU
		{8E04280E-4031-41A2-A1A0-7DDEBC4AC33C}.Debug|Any CPU.ActiveCfg = Debug|Any CPU
		{8E04280E-4031-41A2-A1A0-7DDEBC4AC33C}.Debug|Any CPU.Build.0 = Debug|Any CPU
		{8E04280E-4031-41A2-A1A0-7DDEBC4AC33C}.Release|Any CPU.ActiveCfg = Release|Any CPU
		{8E04280E-4031-41A2-A1A0-7DDEBC4AC33C}.Release|Any CPU.Build.0 = Release|Any CPU
	EndGlobalSection
	GlobalSection(SolutionProperties) = preSolution
		HideSolutionNode = FALSE
	EndGlobalSection
	GlobalSection(NestedProjects) = preSolution
		{5E60A3C1-BBA4-48B9-82F5-B11A8EC13EBA} = {A60E3CF2-101F-4E07-860C-56568287A3AA}
		{11870964-9AA3-43FD-8A04-C16642AAD4EA} = {A60E3CF2-101F-4E07-860C-56568287A3AA}
		{F9F7A5E4-EB07-4AF8-A1ED-26CFFE34733E} = {A60E3CF2-101F-4E07-860C-56568287A3AA}
		{78E833BE-9C73-47A1-A8BA-4E05732B3E0D} = {A60E3CF2-101F-4E07-860C-56568287A3AA}
		{D784E029-E46D-4ED7-8F75-971178ED632A} = {A60E3CF2-101F-4E07-860C-56568287A3AA}
		{E390314E-38FC-4AA9-9CA2-8DBA4084ACFB} = {D784E029-E46D-4ED7-8F75-971178ED632A}
		{CFEA7A64-BD73-4D8F-A341-675A6D6996A6} = {A60E3CF2-101F-4E07-860C-56568287A3AA}
		{795D1CA4-7079-4FAB-95DE-4B6E65AEF288} = {A60E3CF2-101F-4E07-860C-56568287A3AA}
		{1301A828-9EF0-446B-B342-65DE9969D0EA} = {795D1CA4-7079-4FAB-95DE-4B6E65AEF288}
		{DFF65285-91DB-4030-94B1-2C8D6FB4F570} = {A60E3CF2-101F-4E07-860C-56568287A3AA}
		{C9C795CD-3F11-4B6E-9614-E61F7342AE49} = {795D1CA4-7079-4FAB-95DE-4B6E65AEF288}
		{7FACD6A9-5564-4B4A-98D7-FC0F7585BF0C} = {55D27B7A-9ECC-4D1A-BFED-9967218236A9}
		{165F0FD3-58C2-484C-BED2-C606C2A4464C} = {55D27B7A-9ECC-4D1A-BFED-9967218236A9}
		{EEE8D733-1B4B-4F51-89EC-D1BCF8E26318} = {55D27B7A-9ECC-4D1A-BFED-9967218236A9}
		{8D4F79B7-1483-4C4B-85D9-4CBB25094092} = {55D27B7A-9ECC-4D1A-BFED-9967218236A9}
		{AF9F57ED-CBBC-475E-97F7-EDE41A35B697} = {795D1CA4-7079-4FAB-95DE-4B6E65AEF288}
		{8B7BA45F-75DF-47C1-8ACF-21E041B2877E} = {795D1CA4-7079-4FAB-95DE-4B6E65AEF288}
		{4EFD5A1A-88BE-49CC-91F9-04142C25CEF5} = {24EA6106-D393-40F0-8F27-DA1DF801C6EA}
		{B106D10A-585D-4DAF-9E38-2B7467E2EA0E} = {30A7362B-9119-4F8B-8B51-567D92BDDA76}
		{5C022F84-14B4-4957-96C5-5401A47EF9FB} = {24EA6106-D393-40F0-8F27-DA1DF801C6EA}
		{ED8B557F-8EB8-4814-9B24-67C8E124A152} = {24EA6106-D393-40F0-8F27-DA1DF801C6EA}
		{8E04280E-4031-41A2-A1A0-7DDEBC4AC33C} = {24EA6106-D393-40F0-8F27-DA1DF801C6EA}
	EndGlobalSection
	GlobalSection(ExtensibilityGlobals) = postSolution
		SolutionGuid = {69DB9CD6-DE69-4C59-850D-8FFABA4B2FA6}
	EndGlobalSection
EndGlobal
